// !$*UTF8*$!
{
	archiveVersion = 1;
	classes = {
	};
	objectVersion = 56;
	objects = {

/* Begin PBXBuildFile section */
		818CE33429D09652006F54C9 /* AppDelegate.swift in Sources */ = {isa = PBXBuildFile; fileRef = 818CE33329D09652006F54C9 /* AppDelegate.swift */; };
		818CE33D29D09653006F54C9 /* Assets.xcassets in Resources */ = {isa = PBXBuildFile; fileRef = 818CE33C29D09653006F54C9 /* Assets.xcassets */; };
		818CE34029D09653006F54C9 /* LaunchScreen.storyboard in Resources */ = {isa = PBXBuildFile; fileRef = 818CE33E29D09653006F54C9 /* LaunchScreen.storyboard */; };
		818CE34929D0A71C006F54C9 /* HomeModule.swift in Sources */ = {isa = PBXBuildFile; fileRef = 818CE34829D0A71C006F54C9 /* HomeModule.swift */; };
		818CE34B29D0A74F006F54C9 /* HomeRouter.swift in Sources */ = {isa = PBXBuildFile; fileRef = 818CE34A29D0A74F006F54C9 /* HomeRouter.swift */; };
		818CE34D29D0A758006F54C9 /* HomeViewController.swift in Sources */ = {isa = PBXBuildFile; fileRef = 818CE34C29D0A758006F54C9 /* HomeViewController.swift */; };
		818CE34F29D0A760006F54C9 /* HomeInteractor.swift in Sources */ = {isa = PBXBuildFile; fileRef = 818CE34E29D0A760006F54C9 /* HomeInteractor.swift */; };
		818CE35129D0A769006F54C9 /* HomePresenter.swift in Sources */ = {isa = PBXBuildFile; fileRef = 818CE35029D0A769006F54C9 /* HomePresenter.swift */; };
		818CE35329D0AA66006F54C9 /* LocationRepository.swift in Sources */ = {isa = PBXBuildFile; fileRef = 818CE35229D0AA66006F54C9 /* LocationRepository.swift */; };
		818CE35529D0AC00006F54C9 /* LocationsViewModel.swift in Sources */ = {isa = PBXBuildFile; fileRef = 818CE35429D0AC00006F54C9 /* LocationsViewModel.swift */; };
		818CE35729D0AC50006F54C9 /* RestClient.swift in Sources */ = {isa = PBXBuildFile; fileRef = 818CE35629D0AC50006F54C9 /* RestClient.swift */; };
		818CE35929D0AC82006F54C9 /* HTTPManager.swift in Sources */ = {isa = PBXBuildFile; fileRef = 818CE35829D0AC82006F54C9 /* HTTPManager.swift */; };
		818CE35C29D0ADF8006F54C9 /* Alamofire in Frameworks */ = {isa = PBXBuildFile; productRef = 818CE35B29D0ADF8006F54C9 /* Alamofire */; };
		818CE35E29D0B07C006F54C9 /* LocationsDTO.swift in Sources */ = {isa = PBXBuildFile; fileRef = 818CE35D29D0B07C006F54C9 /* LocationsDTO.swift */; };
		818CE36029D0B0B2006F54C9 /* ErrorType.swift in Sources */ = {isa = PBXBuildFile; fileRef = 818CE35F29D0B0B2006F54C9 /* ErrorType.swift */; };
		818CE36229D0B305006F54C9 /* Localizable.strings in Resources */ = {isa = PBXBuildFile; fileRef = 818CE36129D0B305006F54C9 /* Localizable.strings */; };
		818CE36429D0B32B006F54C9 /* HomeWording.swift in Sources */ = {isa = PBXBuildFile; fileRef = 818CE36329D0B32B006F54C9 /* HomeWording.swift */; };
		818CE36629D0B3D8006F54C9 /* LocationsViewMapper.swift in Sources */ = {isa = PBXBuildFile; fileRef = 818CE36529D0B3D8006F54C9 /* LocationsViewMapper.swift */; };
		818CE36829D0B5B3006F54C9 /* BaseViewController.swift in Sources */ = {isa = PBXBuildFile; fileRef = 818CE36729D0B5B3006F54C9 /* BaseViewController.swift */; };
		818CE36A29D0B693006F54C9 /* ActivityIndicator.swift in Sources */ = {isa = PBXBuildFile; fileRef = 818CE36929D0B693006F54C9 /* ActivityIndicator.swift */; };
		818CE36C29D0B6BC006F54C9 /* UIViewExtension.swift in Sources */ = {isa = PBXBuildFile; fileRef = 818CE36B29D0B6BC006F54C9 /* UIViewExtension.swift */; };
		818CE36E29D0B7AF006F54C9 /* BaseRouter.swift in Sources */ = {isa = PBXBuildFile; fileRef = 818CE36D29D0B7AF006F54C9 /* BaseRouter.swift */; };
		818CE37029D0BA03006F54C9 /* LocationCell.swift in Sources */ = {isa = PBXBuildFile; fileRef = 818CE36F29D0BA03006F54C9 /* LocationCell.swift */; };
		818CE37229D0C942006F54C9 /* WikipediaDeeplinkBuilder.swift in Sources */ = {isa = PBXBuildFile; fileRef = 818CE37129D0C942006F54C9 /* WikipediaDeeplinkBuilder.swift */; };
		818CE37429D0CAF9006F54C9 /* WikipediaPlacesDeeplinkBuilder.swift in Sources */ = {isa = PBXBuildFile; fileRef = 818CE37329D0CAF9006F54C9 /* WikipediaPlacesDeeplinkBuilder.swift */; };
		818CE37629D0DC66006F54C9 /* CustomLocationSelectorView.swift in Sources */ = {isa = PBXBuildFile; fileRef = 818CE37529D0DC66006F54C9 /* CustomLocationSelectorView.swift */; };
		818CE37829D0EB1C006F54C9 /* CustomLocationSelectorViewModel.swift in Sources */ = {isa = PBXBuildFile; fileRef = 818CE37729D0EB1C006F54C9 /* CustomLocationSelectorViewModel.swift */; };
		818CE37A29D0F729006F54C9 /* CoreWording.swift in Sources */ = {isa = PBXBuildFile; fileRef = 818CE37929D0F729006F54C9 /* CoreWording.swift */; };
		818CE38D29D0FB99006F54C9 /* DeeplinkBuilder.swift in Sources */ = {isa = PBXBuildFile; fileRef = 818CE38C29D0FB99006F54C9 /* DeeplinkBuilder.swift */; };
		818CE39829D10561006F54C9 /* DeeplinkBuilderTests.swift in Sources */ = {isa = PBXBuildFile; fileRef = 818CE39729D10561006F54C9 /* DeeplinkBuilderTests.swift */; };
		818CE39F29D10985006F54C9 /* WikipediaDeeplinkBuilderTests.swift in Sources */ = {isa = PBXBuildFile; fileRef = 818CE39E29D10985006F54C9 /* WikipediaDeeplinkBuilderTests.swift */; };
		818CE3A129D10B64006F54C9 /* WikipediaPlacesDeeplinkBuilderTests.swift in Sources */ = {isa = PBXBuildFile; fileRef = 818CE3A029D10B64006F54C9 /* WikipediaPlacesDeeplinkBuilderTests.swift */; };
/* End PBXBuildFile section */

/* Begin PBXContainerItemProxy section */
		818CE39929D10561006F54C9 /* PBXContainerItemProxy */ = {
			isa = PBXContainerItemProxy;
			containerPortal = 818CE32829D09652006F54C9 /* Project object */;
			proxyType = 1;
			remoteGlobalIDString = 818CE32F29D09652006F54C9;
			remoteInfo = ABNAmroChallenge;
		};
/* End PBXContainerItemProxy section */

/* Begin PBXFileReference section */
		818CE33029D09652006F54C9 /* ABNAmroChallenge.app */ = {isa = PBXFileReference; explicitFileType = wrapper.application; includeInIndex = 0; path = ABNAmroChallenge.app; sourceTree = BUILT_PRODUCTS_DIR; };
		818CE33329D09652006F54C9 /* AppDelegate.swift */ = {isa = PBXFileReference; lastKnownFileType = sourcecode.swift; path = AppDelegate.swift; sourceTree = "<group>"; };
		818CE33C29D09653006F54C9 /* Assets.xcassets */ = {isa = PBXFileReference; lastKnownFileType = folder.assetcatalog; path = Assets.xcassets; sourceTree = "<group>"; };
		818CE33F29D09653006F54C9 /* Base */ = {isa = PBXFileReference; lastKnownFileType = file.storyboard; name = Base; path = Base.lproj/LaunchScreen.storyboard; sourceTree = "<group>"; };
		818CE34129D09653006F54C9 /* Info.plist */ = {isa = PBXFileReference; lastKnownFileType = text.plist.xml; path = Info.plist; sourceTree = "<group>"; };
		818CE34829D0A71C006F54C9 /* HomeModule.swift */ = {isa = PBXFileReference; lastKnownFileType = sourcecode.swift; path = HomeModule.swift; sourceTree = "<group>"; };
		818CE34A29D0A74F006F54C9 /* HomeRouter.swift */ = {isa = PBXFileReference; lastKnownFileType = sourcecode.swift; path = HomeRouter.swift; sourceTree = "<group>"; };
		818CE34C29D0A758006F54C9 /* HomeViewController.swift */ = {isa = PBXFileReference; lastKnownFileType = sourcecode.swift; path = HomeViewController.swift; sourceTree = "<group>"; };
		818CE34E29D0A760006F54C9 /* HomeInteractor.swift */ = {isa = PBXFileReference; lastKnownFileType = sourcecode.swift; path = HomeInteractor.swift; sourceTree = "<group>"; };
		818CE35029D0A769006F54C9 /* HomePresenter.swift */ = {isa = PBXFileReference; lastKnownFileType = sourcecode.swift; path = HomePresenter.swift; sourceTree = "<group>"; };
		818CE35229D0AA66006F54C9 /* LocationRepository.swift */ = {isa = PBXFileReference; lastKnownFileType = sourcecode.swift; path = LocationRepository.swift; sourceTree = "<group>"; };
		818CE35429D0AC00006F54C9 /* LocationsViewModel.swift */ = {isa = PBXFileReference; lastKnownFileType = sourcecode.swift; path = LocationsViewModel.swift; sourceTree = "<group>"; };
		818CE35629D0AC50006F54C9 /* RestClient.swift */ = {isa = PBXFileReference; lastKnownFileType = sourcecode.swift; path = RestClient.swift; sourceTree = "<group>"; };
		818CE35829D0AC82006F54C9 /* HTTPManager.swift */ = {isa = PBXFileReference; lastKnownFileType = sourcecode.swift; path = HTTPManager.swift; sourceTree = "<group>"; };
		818CE35D29D0B07C006F54C9 /* LocationsDTO.swift */ = {isa = PBXFileReference; lastKnownFileType = sourcecode.swift; path = LocationsDTO.swift; sourceTree = "<group>"; };
		818CE35F29D0B0B2006F54C9 /* ErrorType.swift */ = {isa = PBXFileReference; lastKnownFileType = sourcecode.swift; path = ErrorType.swift; sourceTree = "<group>"; };
		818CE36129D0B305006F54C9 /* Localizable.strings */ = {isa = PBXFileReference; lastKnownFileType = text.plist.strings; path = Localizable.strings; sourceTree = "<group>"; };
		818CE36329D0B32B006F54C9 /* HomeWording.swift */ = {isa = PBXFileReference; lastKnownFileType = sourcecode.swift; path = HomeWording.swift; sourceTree = "<group>"; };
		818CE36529D0B3D8006F54C9 /* LocationsViewMapper.swift */ = {isa = PBXFileReference; lastKnownFileType = sourcecode.swift; path = LocationsViewMapper.swift; sourceTree = "<group>"; };
		818CE36729D0B5B3006F54C9 /* BaseViewController.swift */ = {isa = PBXFileReference; lastKnownFileType = sourcecode.swift; path = BaseViewController.swift; sourceTree = "<group>"; };
		818CE36929D0B693006F54C9 /* ActivityIndicator.swift */ = {isa = PBXFileReference; lastKnownFileType = sourcecode.swift; path = ActivityIndicator.swift; sourceTree = "<group>"; };
		818CE36B29D0B6BC006F54C9 /* UIViewExtension.swift */ = {isa = PBXFileReference; lastKnownFileType = sourcecode.swift; path = UIViewExtension.swift; sourceTree = "<group>"; };
		818CE36D29D0B7AF006F54C9 /* BaseRouter.swift */ = {isa = PBXFileReference; lastKnownFileType = sourcecode.swift; path = BaseRouter.swift; sourceTree = "<group>"; };
		818CE36F29D0BA03006F54C9 /* LocationCell.swift */ = {isa = PBXFileReference; lastKnownFileType = sourcecode.swift; path = LocationCell.swift; sourceTree = "<group>"; };
		818CE37129D0C942006F54C9 /* WikipediaDeeplinkBuilder.swift */ = {isa = PBXFileReference; lastKnownFileType = sourcecode.swift; path = WikipediaDeeplinkBuilder.swift; sourceTree = "<group>"; };
		818CE37329D0CAF9006F54C9 /* WikipediaPlacesDeeplinkBuilder.swift */ = {isa = PBXFileReference; lastKnownFileType = sourcecode.swift; path = WikipediaPlacesDeeplinkBuilder.swift; sourceTree = "<group>"; };
		818CE37529D0DC66006F54C9 /* CustomLocationSelectorView.swift */ = {isa = PBXFileReference; lastKnownFileType = sourcecode.swift; path = CustomLocationSelectorView.swift; sourceTree = "<group>"; };
		818CE37729D0EB1C006F54C9 /* CustomLocationSelectorViewModel.swift */ = {isa = PBXFileReference; lastKnownFileType = sourcecode.swift; path = CustomLocationSelectorViewModel.swift; sourceTree = "<group>"; };
		818CE37929D0F729006F54C9 /* CoreWording.swift */ = {isa = PBXFileReference; lastKnownFileType = sourcecode.swift; path = CoreWording.swift; sourceTree = "<group>"; };
		818CE38C29D0FB99006F54C9 /* DeeplinkBuilder.swift */ = {isa = PBXFileReference; lastKnownFileType = sourcecode.swift; path = DeeplinkBuilder.swift; sourceTree = "<group>"; };
		818CE39529D10560006F54C9 /* ABNAmroChallengeTests.xctest */ = {isa = PBXFileReference; explicitFileType = wrapper.cfbundle; includeInIndex = 0; path = ABNAmroChallengeTests.xctest; sourceTree = BUILT_PRODUCTS_DIR; };
		818CE39729D10561006F54C9 /* DeeplinkBuilderTests.swift */ = {isa = PBXFileReference; lastKnownFileType = sourcecode.swift; path = DeeplinkBuilderTests.swift; sourceTree = "<group>"; };
		818CE39E29D10985006F54C9 /* WikipediaDeeplinkBuilderTests.swift */ = {isa = PBXFileReference; lastKnownFileType = sourcecode.swift; path = WikipediaDeeplinkBuilderTests.swift; sourceTree = "<group>"; };
		818CE3A029D10B64006F54C9 /* WikipediaPlacesDeeplinkBuilderTests.swift */ = {isa = PBXFileReference; lastKnownFileType = sourcecode.swift; path = WikipediaPlacesDeeplinkBuilderTests.swift; sourceTree = "<group>"; };
/* End PBXFileReference section */

/* Begin PBXFrameworksBuildPhase section */
		818CE32D29D09652006F54C9 /* Frameworks */ = {
			isa = PBXFrameworksBuildPhase;
			buildActionMask = 2147483647;
			files = (
				818CE35C29D0ADF8006F54C9 /* Alamofire in Frameworks */,
			);
			runOnlyForDeploymentPostprocessing = 0;
		};
		818CE39229D10560006F54C9 /* Frameworks */ = {
			isa = PBXFrameworksBuildPhase;
			buildActionMask = 2147483647;
			files = (
			);
			runOnlyForDeploymentPostprocessing = 0;
		};
/* End PBXFrameworksBuildPhase section */

/* Begin PBXGroup section */
		818CE32729D09652006F54C9 = {
			isa = PBXGroup;
			children = (
				818CE33229D09652006F54C9 /* ABNAmroChallenge */,
				818CE39629D10561006F54C9 /* ABNAmroChallengeTests */,
				818CE33129D09652006F54C9 /* Products */,
			);
			sourceTree = "<group>";
		};
		818CE33129D09652006F54C9 /* Products */ = {
			isa = PBXGroup;
			children = (
				818CE33029D09652006F54C9 /* ABNAmroChallenge.app */,
				818CE39529D10560006F54C9 /* ABNAmroChallengeTests.xctest */,
			);
			name = Products;
			sourceTree = "<group>";
		};
		818CE33229D09652006F54C9 /* ABNAmroChallenge */ = {
			isa = PBXGroup;
			children = (
				818CE33329D09652006F54C9 /* AppDelegate.swift */,
				818CE33E29D09653006F54C9 /* LaunchScreen.storyboard */,
				818CE36129D0B305006F54C9 /* Localizable.strings */,
				818CE33C29D09653006F54C9 /* Assets.xcassets */,
				818CE34129D09653006F54C9 /* Info.plist */,
				818CE38129D0F8D6006F54C9 /* Core */,
				818CE34729D0A70B006F54C9 /* UserFlows */,
			);
			path = ABNAmroChallenge;
			sourceTree = "<group>";
		};
		818CE34729D0A70B006F54C9 /* UserFlows */ = {
			isa = PBXGroup;
			children = (
				818CE37B29D0F865006F54C9 /* Home */,
			);
			path = UserFlows;
			sourceTree = "<group>";
		};
		818CE37B29D0F865006F54C9 /* Home */ = {
			isa = PBXGroup;
			children = (
				818CE34829D0A71C006F54C9 /* HomeModule.swift */,
				818CE37C29D0F870006F54C9 /* ViewController */,
				818CE38F29D0FD89006F54C9 /* ViewModel */,
				818CE37E29D0F87C006F54C9 /* Interactor */,
				818CE37D29D0F878006F54C9 /* Presenter */,
				818CE37F29D0F87F006F54C9 /* Router */,
				818CE39029D0FD95006F54C9 /* Repository */,
				818CE38629D0F921006F54C9 /* Mappers */,
				818CE38029D0F8BD006F54C9 /* Wording */,
			);
			path = Home;
			sourceTree = "<group>";
		};
		818CE37C29D0F870006F54C9 /* ViewController */ = {
			isa = PBXGroup;
			children = (
				818CE34C29D0A758006F54C9 /* HomeViewController.swift */,
				818CE38529D0F8FE006F54C9 /* Views */,
			);
			path = ViewController;
			sourceTree = "<group>";
		};
		818CE37D29D0F878006F54C9 /* Presenter */ = {
			isa = PBXGroup;
			children = (
				818CE35029D0A769006F54C9 /* HomePresenter.swift */,
			);
			path = Presenter;
			sourceTree = "<group>";
		};
		818CE37E29D0F87C006F54C9 /* Interactor */ = {
			isa = PBXGroup;
			children = (
				818CE34E29D0A760006F54C9 /* HomeInteractor.swift */,
			);
			path = Interactor;
			sourceTree = "<group>";
		};
		818CE37F29D0F87F006F54C9 /* Router */ = {
			isa = PBXGroup;
			children = (
				818CE34A29D0A74F006F54C9 /* HomeRouter.swift */,
			);
			path = Router;
			sourceTree = "<group>";
		};
		818CE38029D0F8BD006F54C9 /* Wording */ = {
			isa = PBXGroup;
			children = (
				818CE36329D0B32B006F54C9 /* HomeWording.swift */,
			);
			path = Wording;
			sourceTree = "<group>";
		};
		818CE38129D0F8D6006F54C9 /* Core */ = {
			isa = PBXGroup;
			children = (
				818CE38E29D0FD7A006F54C9 /* Wording */,
				818CE38B29D0F980006F54C9 /* Deeplink */,
				818CE38929D0F955006F54C9 /* Router */,
				818CE38829D0F949006F54C9 /* Error */,
				818CE38729D0F93F006F54C9 /* Network */,
				818CE38429D0F8EC006F54C9 /* ViewController */,
				818CE38329D0F8E5006F54C9 /* Views */,
				818CE38229D0F8D8006F54C9 /* Extensions */,
			);
			path = Core;
			sourceTree = "<group>";
		};
		818CE38229D0F8D8006F54C9 /* Extensions */ = {
			isa = PBXGroup;
			children = (
				818CE36B29D0B6BC006F54C9 /* UIViewExtension.swift */,
			);
			path = Extensions;
			sourceTree = "<group>";
		};
		818CE38329D0F8E5006F54C9 /* Views */ = {
			isa = PBXGroup;
			children = (
				818CE36929D0B693006F54C9 /* ActivityIndicator.swift */,
			);
			path = Views;
			sourceTree = "<group>";
		};
		818CE38429D0F8EC006F54C9 /* ViewController */ = {
			isa = PBXGroup;
			children = (
				818CE36729D0B5B3006F54C9 /* BaseViewController.swift */,
			);
			path = ViewController;
			sourceTree = "<group>";
		};
		818CE38529D0F8FE006F54C9 /* Views */ = {
			isa = PBXGroup;
			children = (
				818CE36F29D0BA03006F54C9 /* LocationCell.swift */,
				818CE37529D0DC66006F54C9 /* CustomLocationSelectorView.swift */,
				818CE37729D0EB1C006F54C9 /* CustomLocationSelectorViewModel.swift */,
			);
			path = Views;
			sourceTree = "<group>";
		};
		818CE38629D0F921006F54C9 /* Mappers */ = {
			isa = PBXGroup;
			children = (
				818CE36529D0B3D8006F54C9 /* LocationsViewMapper.swift */,
			);
			path = Mappers;
			sourceTree = "<group>";
		};
		818CE38729D0F93F006F54C9 /* Network */ = {
			isa = PBXGroup;
			children = (
				818CE35629D0AC50006F54C9 /* RestClient.swift */,
				818CE35829D0AC82006F54C9 /* HTTPManager.swift */,
			);
			path = Network;
			sourceTree = "<group>";
		};
		818CE38829D0F949006F54C9 /* Error */ = {
			isa = PBXGroup;
			children = (
				818CE35F29D0B0B2006F54C9 /* ErrorType.swift */,
			);
			path = Error;
			sourceTree = "<group>";
		};
		818CE38929D0F955006F54C9 /* Router */ = {
			isa = PBXGroup;
			children = (
				818CE36D29D0B7AF006F54C9 /* BaseRouter.swift */,
			);
			path = Router;
			sourceTree = "<group>";
		};
		818CE38B29D0F980006F54C9 /* Deeplink */ = {
			isa = PBXGroup;
			children = (
				818CE38C29D0FB99006F54C9 /* DeeplinkBuilder.swift */,
				818CE37129D0C942006F54C9 /* WikipediaDeeplinkBuilder.swift */,
				818CE37329D0CAF9006F54C9 /* WikipediaPlacesDeeplinkBuilder.swift */,
			);
			path = Deeplink;
			sourceTree = "<group>";
		};
		818CE38E29D0FD7A006F54C9 /* Wording */ = {
			isa = PBXGroup;
			children = (
				818CE37929D0F729006F54C9 /* CoreWording.swift */,
			);
			path = Wording;
			sourceTree = "<group>";
		};
		818CE38F29D0FD89006F54C9 /* ViewModel */ = {
			isa = PBXGroup;
			children = (
				818CE35429D0AC00006F54C9 /* LocationsViewModel.swift */,
			);
			path = ViewModel;
			sourceTree = "<group>";
		};
		818CE39029D0FD95006F54C9 /* Repository */ = {
			isa = PBXGroup;
			children = (
				818CE35229D0AA66006F54C9 /* LocationRepository.swift */,
				818CE35D29D0B07C006F54C9 /* LocationsDTO.swift */,
			);
			path = Repository;
			sourceTree = "<group>";
		};
		818CE39629D10561006F54C9 /* ABNAmroChallengeTests */ = {
			isa = PBXGroup;
			children = (
				818CE3A229D10C5C006F54C9 /* Core */,
			);
			path = ABNAmroChallengeTests;
			sourceTree = "<group>";
		};
		818CE3A229D10C5C006F54C9 /* Core */ = {
			isa = PBXGroup;
			children = (
				818CE3A329D10C5F006F54C9 /* Deeplink */,
			);
			path = Core;
			sourceTree = "<group>";
		};
		818CE3A329D10C5F006F54C9 /* Deeplink */ = {
			isa = PBXGroup;
			children = (
				818CE39729D10561006F54C9 /* DeeplinkBuilderTests.swift */,
				818CE39E29D10985006F54C9 /* WikipediaDeeplinkBuilderTests.swift */,
				818CE3A029D10B64006F54C9 /* WikipediaPlacesDeeplinkBuilderTests.swift */,
			);
			path = Deeplink;
			sourceTree = "<group>";
		};
/* End PBXGroup section */

/* Begin PBXNativeTarget section */
		818CE32F29D09652006F54C9 /* ABNAmroChallenge */ = {
			isa = PBXNativeTarget;
			buildConfigurationList = 818CE34429D09653006F54C9 /* Build configuration list for PBXNativeTarget "ABNAmroChallenge" */;
			buildPhases = (
				818CE32C29D09652006F54C9 /* Sources */,
				818CE32D29D09652006F54C9 /* Frameworks */,
				818CE32E29D09652006F54C9 /* Resources */,
			);
			buildRules = (
			);
			dependencies = (
			);
			name = ABNAmroChallenge;
			packageProductDependencies = (
				818CE35B29D0ADF8006F54C9 /* Alamofire */,
			);
			productName = ABNAmroChallenge;
			productReference = 818CE33029D09652006F54C9 /* ABNAmroChallenge.app */;
			productType = "com.apple.product-type.application";
		};
		818CE39429D10560006F54C9 /* ABNAmroChallengeTests */ = {
			isa = PBXNativeTarget;
			buildConfigurationList = 818CE39B29D10561006F54C9 /* Build configuration list for PBXNativeTarget "ABNAmroChallengeTests" */;
			buildPhases = (
				818CE39129D10560006F54C9 /* Sources */,
				818CE39229D10560006F54C9 /* Frameworks */,
				818CE39329D10560006F54C9 /* Resources */,
			);
			buildRules = (
			);
			dependencies = (
				818CE39A29D10561006F54C9 /* PBXTargetDependency */,
			);
			name = ABNAmroChallengeTests;
			productName = ABNAmroChallengeTests;
			productReference = 818CE39529D10560006F54C9 /* ABNAmroChallengeTests.xctest */;
			productType = "com.apple.product-type.bundle.unit-test";
		};
/* End PBXNativeTarget section */

/* Begin PBXProject section */
		818CE32829D09652006F54C9 /* Project object */ = {
			isa = PBXProject;
			attributes = {
				BuildIndependentTargetsInParallel = 1;
				LastSwiftUpdateCheck = 1420;
				LastUpgradeCheck = 1420;
				TargetAttributes = {
					818CE32F29D09652006F54C9 = {
						CreatedOnToolsVersion = 14.2;
					};
					818CE39429D10560006F54C9 = {
						CreatedOnToolsVersion = 14.2;
						TestTargetID = 818CE32F29D09652006F54C9;
					};
				};
			};
			buildConfigurationList = 818CE32B29D09652006F54C9 /* Build configuration list for PBXProject "ABNAmroChallenge" */;
			compatibilityVersion = "Xcode 14.0";
			developmentRegion = en;
			hasScannedForEncodings = 0;
			knownRegions = (
				en,
				Base,
			);
			mainGroup = 818CE32729D09652006F54C9;
			packageReferences = (
				818CE35A29D0ADF8006F54C9 /* XCRemoteSwiftPackageReference "Alamofire" */,
			);
			productRefGroup = 818CE33129D09652006F54C9 /* Products */;
			projectDirPath = "";
			projectRoot = "";
			targets = (
				818CE32F29D09652006F54C9 /* ABNAmroChallenge */,
				818CE39429D10560006F54C9 /* ABNAmroChallengeTests */,
			);
		};
/* End PBXProject section */

/* Begin PBXResourcesBuildPhase section */
		818CE32E29D09652006F54C9 /* Resources */ = {
			isa = PBXResourcesBuildPhase;
			buildActionMask = 2147483647;
			files = (
				818CE34029D09653006F54C9 /* LaunchScreen.storyboard in Resources */,
				818CE36229D0B305006F54C9 /* Localizable.strings in Resources */,
				818CE33D29D09653006F54C9 /* Assets.xcassets in Resources */,
			);
			runOnlyForDeploymentPostprocessing = 0;
		};
		818CE39329D10560006F54C9 /* Resources */ = {
			isa = PBXResourcesBuildPhase;
			buildActionMask = 2147483647;
			files = (
			);
			runOnlyForDeploymentPostprocessing = 0;
		};
/* End PBXResourcesBuildPhase section */

/* Begin PBXSourcesBuildPhase section */
		818CE32C29D09652006F54C9 /* Sources */ = {
			isa = PBXSourcesBuildPhase;
			buildActionMask = 2147483647;
			files = (
				818CE35E29D0B07C006F54C9 /* LocationsDTO.swift in Sources */,
				818CE36029D0B0B2006F54C9 /* ErrorType.swift in Sources */,
				818CE35129D0A769006F54C9 /* HomePresenter.swift in Sources */,
				818CE36429D0B32B006F54C9 /* HomeWording.swift in Sources */,
				818CE34D29D0A758006F54C9 /* HomeViewController.swift in Sources */,
				818CE34929D0A71C006F54C9 /* HomeModule.swift in Sources */,
				818CE36C29D0B6BC006F54C9 /* UIViewExtension.swift in Sources */,
				818CE34B29D0A74F006F54C9 /* HomeRouter.swift in Sources */,
				818CE35329D0AA66006F54C9 /* LocationRepository.swift in Sources */,
				818CE37829D0EB1C006F54C9 /* CustomLocationSelectorViewModel.swift in Sources */,
				818CE34F29D0A760006F54C9 /* HomeInteractor.swift in Sources */,
				818CE37229D0C942006F54C9 /* WikipediaDeeplinkBuilder.swift in Sources */,
				818CE35529D0AC00006F54C9 /* LocationsViewModel.swift in Sources */,
				818CE37629D0DC66006F54C9 /* CustomLocationSelectorView.swift in Sources */,
				818CE36629D0B3D8006F54C9 /* LocationsViewMapper.swift in Sources */,
				818CE36E29D0B7AF006F54C9 /* BaseRouter.swift in Sources */,
				818CE35929D0AC82006F54C9 /* HTTPManager.swift in Sources */,
				818CE35729D0AC50006F54C9 /* RestClient.swift in Sources */,
				818CE37029D0BA03006F54C9 /* LocationCell.swift in Sources */,
				818CE37429D0CAF9006F54C9 /* WikipediaPlacesDeeplinkBuilder.swift in Sources */,
				818CE33429D09652006F54C9 /* AppDelegate.swift in Sources */,
				818CE36829D0B5B3006F54C9 /* BaseViewController.swift in Sources */,
				818CE36A29D0B693006F54C9 /* ActivityIndicator.swift in Sources */,
				818CE38D29D0FB99006F54C9 /* DeeplinkBuilder.swift in Sources */,
				818CE37A29D0F729006F54C9 /* CoreWording.swift in Sources */,
			);
			runOnlyForDeploymentPostprocessing = 0;
		};
		818CE39129D10560006F54C9 /* Sources */ = {
			isa = PBXSourcesBuildPhase;
			buildActionMask = 2147483647;
			files = (
				818CE39F29D10985006F54C9 /* WikipediaDeeplinkBuilderTests.swift in Sources */,
				818CE3A129D10B64006F54C9 /* WikipediaPlacesDeeplinkBuilderTests.swift in Sources */,
				818CE39829D10561006F54C9 /* DeeplinkBuilderTests.swift in Sources */,
			);
			runOnlyForDeploymentPostprocessing = 0;
		};
/* End PBXSourcesBuildPhase section */

/* Begin PBXTargetDependency section */
		818CE39A29D10561006F54C9 /* PBXTargetDependency */ = {
			isa = PBXTargetDependency;
			target = 818CE32F29D09652006F54C9 /* ABNAmroChallenge */;
			targetProxy = 818CE39929D10561006F54C9 /* PBXContainerItemProxy */;
		};
/* End PBXTargetDependency section */

/* Begin PBXVariantGroup section */
		818CE33E29D09653006F54C9 /* LaunchScreen.storyboard */ = {
			isa = PBXVariantGroup;
			children = (
				818CE33F29D09653006F54C9 /* Base */,
			);
			name = LaunchScreen.storyboard;
			sourceTree = "<group>";
		};
/* End PBXVariantGroup section */

/* Begin XCBuildConfiguration section */
		818CE34229D09653006F54C9 /* Debug */ = {
			isa = XCBuildConfiguration;
			buildSettings = {
				ALWAYS_SEARCH_USER_PATHS = NO;
				CLANG_ANALYZER_NONNULL = YES;
				CLANG_ANALYZER_NUMBER_OBJECT_CONVERSION = YES_AGGRESSIVE;
				CLANG_CXX_LANGUAGE_STANDARD = "gnu++20";
				CLANG_ENABLE_MODULES = YES;
				CLANG_ENABLE_OBJC_ARC = YES;
				CLANG_ENABLE_OBJC_WEAK = YES;
				CLANG_WARN_BLOCK_CAPTURE_AUTORELEASING = YES;
				CLANG_WARN_BOOL_CONVERSION = YES;
				CLANG_WARN_COMMA = YES;
				CLANG_WARN_CONSTANT_CONVERSION = YES;
				CLANG_WARN_DEPRECATED_OBJC_IMPLEMENTATIONS = YES;
				CLANG_WARN_DIRECT_OBJC_ISA_USAGE = YES_ERROR;
				CLANG_WARN_DOCUMENTATION_COMMENTS = YES;
				CLANG_WARN_EMPTY_BODY = YES;
				CLANG_WARN_ENUM_CONVERSION = YES;
				CLANG_WARN_INFINITE_RECURSION = YES;
				CLANG_WARN_INT_CONVERSION = YES;
				CLANG_WARN_NON_LITERAL_NULL_CONVERSION = YES;
				CLANG_WARN_OBJC_IMPLICIT_RETAIN_SELF = YES;
				CLANG_WARN_OBJC_LITERAL_CONVERSION = YES;
				CLANG_WARN_OBJC_ROOT_CLASS = YES_ERROR;
				CLANG_WARN_QUOTED_INCLUDE_IN_FRAMEWORK_HEADER = YES;
				CLANG_WARN_RANGE_LOOP_ANALYSIS = YES;
				CLANG_WARN_STRICT_PROTOTYPES = YES;
				CLANG_WARN_SUSPICIOUS_MOVE = YES;
				CLANG_WARN_UNGUARDED_AVAILABILITY = YES_AGGRESSIVE;
				CLANG_WARN_UNREACHABLE_CODE = YES;
				CLANG_WARN__DUPLICATE_METHOD_MATCH = YES;
				COPY_PHASE_STRIP = NO;
				DEBUG_INFORMATION_FORMAT = dwarf;
				ENABLE_STRICT_OBJC_MSGSEND = YES;
				ENABLE_TESTABILITY = YES;
				GCC_C_LANGUAGE_STANDARD = gnu11;
				GCC_DYNAMIC_NO_PIC = NO;
				GCC_NO_COMMON_BLOCKS = YES;
				GCC_OPTIMIZATION_LEVEL = 0;
				GCC_PREPROCESSOR_DEFINITIONS = (
					"DEBUG=1",
					"$(inherited)",
				);
				GCC_WARN_64_TO_32_BIT_CONVERSION = YES;
				GCC_WARN_ABOUT_RETURN_TYPE = YES_ERROR;
				GCC_WARN_UNDECLARED_SELECTOR = YES;
				GCC_WARN_UNINITIALIZED_AUTOS = YES_AGGRESSIVE;
				GCC_WARN_UNUSED_FUNCTION = YES;
				GCC_WARN_UNUSED_VARIABLE = YES;
				IPHONEOS_DEPLOYMENT_TARGET = 16.2;
				MTL_ENABLE_DEBUG_INFO = INCLUDE_SOURCE;
				MTL_FAST_MATH = YES;
				ONLY_ACTIVE_ARCH = YES;
				SDKROOT = iphoneos;
				SWIFT_ACTIVE_COMPILATION_CONDITIONS = DEBUG;
				SWIFT_OPTIMIZATION_LEVEL = "-Onone";
			};
			name = Debug;
		};
		818CE34329D09653006F54C9 /* Release */ = {
			isa = XCBuildConfiguration;
			buildSettings = {
				ALWAYS_SEARCH_USER_PATHS = NO;
				CLANG_ANALYZER_NONNULL = YES;
				CLANG_ANALYZER_NUMBER_OBJECT_CONVERSION = YES_AGGRESSIVE;
				CLANG_CXX_LANGUAGE_STANDARD = "gnu++20";
				CLANG_ENABLE_MODULES = YES;
				CLANG_ENABLE_OBJC_ARC = YES;
				CLANG_ENABLE_OBJC_WEAK = YES;
				CLANG_WARN_BLOCK_CAPTURE_AUTORELEASING = YES;
				CLANG_WARN_BOOL_CONVERSION = YES;
				CLANG_WARN_COMMA = YES;
				CLANG_WARN_CONSTANT_CONVERSION = YES;
				CLANG_WARN_DEPRECATED_OBJC_IMPLEMENTATIONS = YES;
				CLANG_WARN_DIRECT_OBJC_ISA_USAGE = YES_ERROR;
				CLANG_WARN_DOCUMENTATION_COMMENTS = YES;
				CLANG_WARN_EMPTY_BODY = YES;
				CLANG_WARN_ENUM_CONVERSION = YES;
				CLANG_WARN_INFINITE_RECURSION = YES;
				CLANG_WARN_INT_CONVERSION = YES;
				CLANG_WARN_NON_LITERAL_NULL_CONVERSION = YES;
				CLANG_WARN_OBJC_IMPLICIT_RETAIN_SELF = YES;
				CLANG_WARN_OBJC_LITERAL_CONVERSION = YES;
				CLANG_WARN_OBJC_ROOT_CLASS = YES_ERROR;
				CLANG_WARN_QUOTED_INCLUDE_IN_FRAMEWORK_HEADER = YES;
				CLANG_WARN_RANGE_LOOP_ANALYSIS = YES;
				CLANG_WARN_STRICT_PROTOTYPES = YES;
				CLANG_WARN_SUSPICIOUS_MOVE = YES;
				CLANG_WARN_UNGUARDED_AVAILABILITY = YES_AGGRESSIVE;
				CLANG_WARN_UNREACHABLE_CODE = YES;
				CLANG_WARN__DUPLICATE_METHOD_MATCH = YES;
				COPY_PHASE_STRIP = NO;
				DEBUG_INFORMATION_FORMAT = "dwarf-with-dsym";
				ENABLE_NS_ASSERTIONS = NO;
				ENABLE_STRICT_OBJC_MSGSEND = YES;
				GCC_C_LANGUAGE_STANDARD = gnu11;
				GCC_NO_COMMON_BLOCKS = YES;
				GCC_WARN_64_TO_32_BIT_CONVERSION = YES;
				GCC_WARN_ABOUT_RETURN_TYPE = YES_ERROR;
				GCC_WARN_UNDECLARED_SELECTOR = YES;
				GCC_WARN_UNINITIALIZED_AUTOS = YES_AGGRESSIVE;
				GCC_WARN_UNUSED_FUNCTION = YES;
				GCC_WARN_UNUSED_VARIABLE = YES;
				IPHONEOS_DEPLOYMENT_TARGET = 16.2;
				MTL_ENABLE_DEBUG_INFO = NO;
				MTL_FAST_MATH = YES;
				SDKROOT = iphoneos;
				SWIFT_COMPILATION_MODE = wholemodule;
				SWIFT_OPTIMIZATION_LEVEL = "-O";
				VALIDATE_PRODUCT = YES;
			};
			name = Release;
		};
		818CE34529D09653006F54C9 /* Debug */ = {
			isa = XCBuildConfiguration;
			buildSettings = {
				ASSETCATALOG_COMPILER_APPICON_NAME = AppIcon;
				ASSETCATALOG_COMPILER_GLOBAL_ACCENT_COLOR_NAME = AccentColor;
				CODE_SIGN_STYLE = Automatic;
				CURRENT_PROJECT_VERSION = 1;
				DEVELOPMENT_TEAM = KTXN9SX9MX;
				GENERATE_INFOPLIST_FILE = YES;
				INFOPLIST_FILE = ABNAmroChallenge/Info.plist;
				INFOPLIST_KEY_UIApplicationSupportsIndirectInputEvents = YES;
				INFOPLIST_KEY_UILaunchStoryboardName = LaunchScreen.storyboard;
				INFOPLIST_KEY_UISupportedInterfaceOrientations_iPad = "UIInterfaceOrientationPortrait UIInterfaceOrientationPortraitUpsideDown UIInterfaceOrientationLandscapeLeft UIInterfaceOrientationLandscapeRight";
				INFOPLIST_KEY_UISupportedInterfaceOrientations_iPhone = "UIInterfaceOrientationPortrait UIInterfaceOrientationLandscapeLeft UIInterfaceOrientationLandscapeRight";
				LD_RUNPATH_SEARCH_PATHS = (
					"$(inherited)",
					"@executable_path/Frameworks",
				);
				MARKETING_VERSION = 1.0;
				PRODUCT_BUNDLE_IDENTIFIER = angsti.ABNAmroChallenge;
				PRODUCT_NAME = "$(TARGET_NAME)";
				SWIFT_EMIT_LOC_STRINGS = YES;
				SWIFT_VERSION = 5.0;
				TARGETED_DEVICE_FAMILY = "1,2";
			};
			name = Debug;
		};
		818CE34629D09653006F54C9 /* Release */ = {
			isa = XCBuildConfiguration;
			buildSettings = {
				ASSETCATALOG_COMPILER_APPICON_NAME = AppIcon;
				ASSETCATALOG_COMPILER_GLOBAL_ACCENT_COLOR_NAME = AccentColor;
				CODE_SIGN_STYLE = Automatic;
				CURRENT_PROJECT_VERSION = 1;
				DEVELOPMENT_TEAM = KTXN9SX9MX;
				GENERATE_INFOPLIST_FILE = YES;
				INFOPLIST_FILE = ABNAmroChallenge/Info.plist;
				INFOPLIST_KEY_UIApplicationSupportsIndirectInputEvents = YES;
				INFOPLIST_KEY_UILaunchStoryboardName = LaunchScreen.storyboard;
				INFOPLIST_KEY_UISupportedInterfaceOrientations_iPad = "UIInterfaceOrientationPortrait UIInterfaceOrientationPortraitUpsideDown UIInterfaceOrientationLandscapeLeft UIInterfaceOrientationLandscapeRight";
				INFOPLIST_KEY_UISupportedInterfaceOrientations_iPhone = "UIInterfaceOrientationPortrait UIInterfaceOrientationLandscapeLeft UIInterfaceOrientationLandscapeRight";
				LD_RUNPATH_SEARCH_PATHS = (
					"$(inherited)",
					"@executable_path/Frameworks",
				);
				MARKETING_VERSION = 1.0;
				PRODUCT_BUNDLE_IDENTIFIER = angsti.ABNAmroChallenge;
				PRODUCT_NAME = "$(TARGET_NAME)";
				SWIFT_EMIT_LOC_STRINGS = YES;
				SWIFT_VERSION = 5.0;
				TARGETED_DEVICE_FAMILY = "1,2";
			};
			name = Release;
		};
		818CE39C29D10561006F54C9 /* Debug */ = {
			isa = XCBuildConfiguration;
			buildSettings = {
				BUNDLE_LOADER = "$(TEST_HOST)";
				CODE_SIGN_STYLE = Automatic;
				CURRENT_PROJECT_VERSION = 1;
				DEVELOPMENT_TEAM = KTXN9SX9MX;
				GENERATE_INFOPLIST_FILE = YES;
				MARKETING_VERSION = 1.0;
				PRODUCT_BUNDLE_IDENTIFIER = angsti.ABNAmroChallengeTests;
				PRODUCT_NAME = "$(TARGET_NAME)";
				SWIFT_EMIT_LOC_STRINGS = NO;
				SWIFT_VERSION = 5.0;
				TARGETED_DEVICE_FAMILY = "1,2";
				TEST_HOST = "$(BUILT_PRODUCTS_DIR)/ABNAmroChallenge.app/$(BUNDLE_EXECUTABLE_FOLDER_PATH)/ABNAmroChallenge";
			};
			name = Debug;
		};
		818CE39D29D10561006F54C9 /* Release */ = {
			isa = XCBuildConfiguration;
			buildSettings = {
				BUNDLE_LOADER = "$(TEST_HOST)";
				CODE_SIGN_STYLE = Automatic;
				CURRENT_PROJECT_VERSION = 1;
				DEVELOPMENT_TEAM = KTXN9SX9MX;
				GENERATE_INFOPLIST_FILE = YES;
				MARKETING_VERSION = 1.0;
				PRODUCT_BUNDLE_IDENTIFIER = angsti.ABNAmroChallengeTests;
				PRODUCT_NAME = "$(TARGET_NAME)";
				SWIFT_EMIT_LOC_STRINGS = NO;
				SWIFT_VERSION = 5.0;
				TARGETED_DEVICE_FAMILY = "1,2";
				TEST_HOST = "$(BUILT_PRODUCTS_DIR)/ABNAmroChallenge.app/$(BUNDLE_EXECUTABLE_FOLDER_PATH)/ABNAmroChallenge";
			};
			name = Release;
		};
/* End XCBuildConfiguration section */

/* Begin XCConfigurationList section */
		818CE32B29D09652006F54C9 /* Build configuration list for PBXProject "ABNAmroChallenge" */ = {
			isa = XCConfigurationList;
			buildConfigurations = (
				818CE34229D09653006F54C9 /* Debug */,
				818CE34329D09653006F54C9 /* Release */,
			);
			defaultConfigurationIsVisible = 0;
			defaultConfigurationName = Release;
		};
		818CE34429D09653006F54C9 /* Build configuration list for PBXNativeTarget "ABNAmroChallenge" */ = {
			isa = XCConfigurationList;
			buildConfigurations = (
				818CE34529D09653006F54C9 /* Debug */,
				818CE34629D09653006F54C9 /* Release */,
			);
			defaultConfigurationIsVisible = 0;
			defaultConfigurationName = Release;
		};
		818CE39B29D10561006F54C9 /* Build configuration list for PBXNativeTarget "ABNAmroChallengeTests" */ = {
			isa = XCConfigurationList;
			buildConfigurations = (
				818CE39C29D10561006F54C9 /* Debug */,
				818CE39D29D10561006F54C9 /* Release */,
			);
			defaultConfigurationIsVisible = 0;
			defaultConfigurationName = Release;
		};
/* End XCConfigurationList section */

/* Begin XCRemoteSwiftPackageReference section */
		818CE35A29D0ADF8006F54C9 /* XCRemoteSwiftPackageReference "Alamofire" */ = {
			isa = XCRemoteSwiftPackageReference;
			repositoryURL = "https://github.com/Alamofire/Alamofire.git";
			requirement = {
				kind = upToNextMajorVersion;
				minimumVersion = 5.0.0;
			};
		};
/* End XCRemoteSwiftPackageReference section */

/* Begin XCSwiftPackageProductDependency section */
		818CE35B29D0ADF8006F54C9 /* Alamofire */ = {
			isa = XCSwiftPackageProductDependency;
			package = 818CE35A29D0ADF8006F54C9 /* XCRemoteSwiftPackageReference "Alamofire" */;
			productName = Alamofire;
		};
/* End XCSwiftPackageProductDependency section */
	};
	rootObject = 818CE32829D09652006F54C9 /* Project object */;
}
